// !$*UTF8*$!
{
	archiveVersion = 1;
	classes = {
	};
	objectVersion = 46;
	objects = {

/* Begin PBXBuildFile section */
		C1274A941C62659200BDE2D8 /* AppDelegate.swift in Sources */ = {isa = PBXBuildFile; fileRef = C1274A931C62659200BDE2D8 /* AppDelegate.swift */; };
		C1274A961C62659200BDE2D8 /* ViewController.swift in Sources */ = {isa = PBXBuildFile; fileRef = C1274A951C62659200BDE2D8 /* ViewController.swift */; };
		C1274A991C62659200BDE2D8 /* Main.storyboard in Resources */ = {isa = PBXBuildFile; fileRef = C1274A971C62659200BDE2D8 /* Main.storyboard */; };
		C1274A9B1C62659200BDE2D8 /* Assets.xcassets in Resources */ = {isa = PBXBuildFile; fileRef = C1274A9A1C62659200BDE2D8 /* Assets.xcassets */; };
		C1274A9E1C62659200BDE2D8 /* LaunchScreen.storyboard in Resources */ = {isa = PBXBuildFile; fileRef = C1274A9C1C62659200BDE2D8 /* LaunchScreen.storyboard */; };
		C1274AA91C62659200BDE2D8 /* RowingRouterTests.swift in Sources */ = {isa = PBXBuildFile; fileRef = C1274AA81C62659200BDE2D8 /* RowingRouterTests.swift */; };
		C1274AB41C62659200BDE2D8 /* RowingRouterUITests.swift in Sources */ = {isa = PBXBuildFile; fileRef = C1274AB31C62659200BDE2D8 /* RowingRouterUITests.swift */; };
/* End PBXBuildFile section */

/* Begin PBXContainerItemProxy section */
		C1274AA51C62659200BDE2D8 /* PBXContainerItemProxy */ = {
			isa = PBXContainerItemProxy;
			containerPortal = C1274A881C62659100BDE2D8 /* Project object */;
			proxyType = 1;
			remoteGlobalIDString = C1274A8F1C62659100BDE2D8;
			remoteInfo = RowingRouter;
		};
		C1274AB01C62659200BDE2D8 /* PBXContainerItemProxy */ = {
			isa = PBXContainerItemProxy;
			containerPortal = C1274A881C62659100BDE2D8 /* Project object */;
			proxyType = 1;
			remoteGlobalIDString = C1274A8F1C62659100BDE2D8;
			remoteInfo = RowingRouter;
		};
/* End PBXContainerItemProxy section */

/* Begin PBXFileReference section */
		C1274A901C62659100BDE2D8 /* RowingRouter.app */ = {isa = PBXFileReference; explicitFileType = wrapper.application; includeInIndex = 0; path = RowingRouter.app; sourceTree = BUILT_PRODUCTS_DIR; };
		C1274A931C62659200BDE2D8 /* AppDelegate.swift */ = {isa = PBXFileReference; lastKnownFileType = sourcecode.swift; path = AppDelegate.swift; sourceTree = "<group>"; };
		C1274A951C62659200BDE2D8 /* ViewController.swift */ = {isa = PBXFileReference; lastKnownFileType = sourcecode.swift; path = ViewController.swift; sourceTree = "<group>"; };
		C1274A981C62659200BDE2D8 /* Base */ = {isa = PBXFileReference; lastKnownFileType = file.storyboard; name = Base; path = Base.lproj/Main.storyboard; sourceTree = "<group>"; };
		C1274A9A1C62659200BDE2D8 /* Assets.xcassets */ = {isa = PBXFileReference; lastKnownFileType = folder.assetcatalog; path = Assets.xcassets; sourceTree = "<group>"; };
		C1274A9D1C62659200BDE2D8 /* Base */ = {isa = PBXFileReference; lastKnownFileType = file.storyboard; name = Base; path = Base.lproj/LaunchScreen.storyboard; sourceTree = "<group>"; };
		C1274A9F1C62659200BDE2D8 /* Info.plist */ = {isa = PBXFileReference; lastKnownFileType = text.plist.xml; path = Info.plist; sourceTree = "<group>"; };
		C1274AA41C62659200BDE2D8 /* RowingRouterTests.xctest */ = {isa = PBXFileReference; explicitFileType = wrapper.cfbundle; includeInIndex = 0; path = RowingRouterTests.xctest; sourceTree = BUILT_PRODUCTS_DIR; };
		C1274AA81C62659200BDE2D8 /* RowingRouterTests.swift */ = {isa = PBXFileReference; lastKnownFileType = sourcecode.swift; path = RowingRouterTests.swift; sourceTree = "<group>"; };
		C1274AAA1C62659200BDE2D8 /* Info.plist */ = {isa = PBXFileReference; lastKnownFileType = text.plist.xml; path = Info.plist; sourceTree = "<group>"; };
		C1274AAF1C62659200BDE2D8 /* RowingRouterUITests.xctest */ = {isa = PBXFileReference; explicitFileType = wrapper.cfbundle; includeInIndex = 0; path = RowingRouterUITests.xctest; sourceTree = BUILT_PRODUCTS_DIR; };
		C1274AB31C62659200BDE2D8 /* RowingRouterUITests.swift */ = {isa = PBXFileReference; lastKnownFileType = sourcecode.swift; path = RowingRouterUITests.swift; sourceTree = "<group>"; };
		C1274AB51C62659200BDE2D8 /* Info.plist */ = {isa = PBXFileReference; lastKnownFileType = text.plist.xml; path = Info.plist; sourceTree = "<group>"; };
/* End PBXFileReference section */

/* Begin PBXFrameworksBuildPhase section */
		C1274A8D1C62659100BDE2D8 /* Frameworks */ = {
			isa = PBXFrameworksBuildPhase;
			buildActionMask = 2147483647;
			files = (
			);
			runOnlyForDeploymentPostprocessing = 0;
		};
		C1274AA11C62659200BDE2D8 /* Frameworks */ = {
			isa = PBXFrameworksBuildPhase;
			buildActionMask = 2147483647;
			files = (
			);
			runOnlyForDeploymentPostprocessing = 0;
		};
		C1274AAC1C62659200BDE2D8 /* Frameworks */ = {
			isa = PBXFrameworksBuildPhase;
			buildActionMask = 2147483647;
			files = (
			);
			runOnlyForDeploymentPostprocessing = 0;
		};
/* End PBXFrameworksBuildPhase section */

/* Begin PBXGroup section */
		C1274A871C62659100BDE2D8 = {
			isa = PBXGroup;
			children = (
				C1274A921C62659100BDE2D8 /* RowingRouter */,
				C1274AA71C62659200BDE2D8 /* RowingRouterTests */,
				C1274AB21C62659200BDE2D8 /* RowingRouterUITests */,
				C1274A911C62659100BDE2D8 /* Products */,
			);
			sourceTree = "<group>";
		};
		C1274A911C62659100BDE2D8 /* Products */ = {
			isa = PBXGroup;
			children = (
				C1274A901C62659100BDE2D8 /* RowingRouter.app */,
				C1274AA41C62659200BDE2D8 /* RowingRouterTests.xctest */,
				C1274AAF1C62659200BDE2D8 /* RowingRouterUITests.xctest */,
			);
			name = Products;
			sourceTree = "<group>";
		};
		C1274A921C62659100BDE2D8 /* RowingRouter */ = {
			isa = PBXGroup;
			children = (
				C1274A931C62659200BDE2D8 /* AppDelegate.swift */,
				C1274A951C62659200BDE2D8 /* ViewController.swift */,
				C1274A971C62659200BDE2D8 /* Main.storyboard */,
				C1274A9A1C62659200BDE2D8 /* Assets.xcassets */,
				C1274A9C1C62659200BDE2D8 /* LaunchScreen.storyboard */,
				C1274A9F1C62659200BDE2D8 /* Info.plist */,
			);
			path = RowingRouter;
			sourceTree = "<group>";
		};
		C1274AA71C62659200BDE2D8 /* RowingRouterTests */ = {
			isa = PBXGroup;
			children = (
				C1274AA81C62659200BDE2D8 /* RowingRouterTests.swift */,
				C1274AAA1C62659200BDE2D8 /* Info.plist */,
			);
			path = RowingRouterTests;
			sourceTree = "<group>";
		};
		C1274AB21C62659200BDE2D8 /* RowingRouterUITests */ = {
			isa = PBXGroup;
			children = (
				C1274AB31C62659200BDE2D8 /* RowingRouterUITests.swift */,
				C1274AB51C62659200BDE2D8 /* Info.plist */,
			);
			path = RowingRouterUITests;
			sourceTree = "<group>";
		};
/* End PBXGroup section */

/* Begin PBXNativeTarget section */
		C1274A8F1C62659100BDE2D8 /* RowingRouter */ = {
			isa = PBXNativeTarget;
			buildConfigurationList = C1274AB81C62659200BDE2D8 /* Build configuration list for PBXNativeTarget "RowingRouter" */;
			buildPhases = (
				C1274A8C1C62659100BDE2D8 /* Sources */,
				C1274A8D1C62659100BDE2D8 /* Frameworks */,
				C1274A8E1C62659100BDE2D8 /* Resources */,
			);
			buildRules = (
			);
			dependencies = (
			);
			name = RowingRouter;
			productName = RowingRouter;
			productReference = C1274A901C62659100BDE2D8 /* RowingRouter.app */;
			productType = "com.apple.product-type.application";
		};
		C1274AA31C62659200BDE2D8 /* RowingRouterTests */ = {
			isa = PBXNativeTarget;
			buildConfigurationList = C1274ABB1C62659200BDE2D8 /* Build configuration list for PBXNativeTarget "RowingRouterTests" */;
			buildPhases = (
				C1274AA01C62659200BDE2D8 /* Sources */,
				C1274AA11C62659200BDE2D8 /* Frameworks */,
				C1274AA21C62659200BDE2D8 /* Resources */,
			);
			buildRules = (
			);
			dependencies = (
				C1274AA61C62659200BDE2D8 /* PBXTargetDependency */,
			);
			name = RowingRouterTests;
			productName = RowingRouterTests;
			productReference = C1274AA41C62659200BDE2D8 /* RowingRouterTests.xctest */;
			productType = "com.apple.product-type.bundle.unit-test";
		};
		C1274AAE1C62659200BDE2D8 /* RowingRouterUITests */ = {
			isa = PBXNativeTarget;
			buildConfigurationList = C1274ABE1C62659200BDE2D8 /* Build configuration list for PBXNativeTarget "RowingRouterUITests" */;
			buildPhases = (
				C1274AAB1C62659200BDE2D8 /* Sources */,
				C1274AAC1C62659200BDE2D8 /* Frameworks */,
				C1274AAD1C62659200BDE2D8 /* Resources */,
			);
			buildRules = (
			);
			dependencies = (
				C1274AB11C62659200BDE2D8 /* PBXTargetDependency */,
			);
			name = RowingRouterUITests;
			productName = RowingRouterUITests;
			productReference = C1274AAF1C62659200BDE2D8 /* RowingRouterUITests.xctest */;
			productType = "com.apple.product-type.bundle.ui-testing";
		};
/* End PBXNativeTarget section */

/* Begin PBXProject section */
		C1274A881C62659100BDE2D8 /* Project object */ = {
			isa = PBXProject;
			attributes = {
				LastSwiftUpdateCheck = 0720;
				LastUpgradeCheck = 0720;
				ORGANIZATIONNAME = "Calvin Terpstra";
				TargetAttributes = {
					C1274A8F1C62659100BDE2D8 = {
						CreatedOnToolsVersion = 7.2;
						DevelopmentTeam = 63832QG4JM;
					};
					C1274AA31C62659200BDE2D8 = {
						CreatedOnToolsVersion = 7.2;
						DevelopmentTeam = 63832QG4JM;
						TestTargetID = C1274A8F1C62659100BDE2D8;
					};
					C1274AAE1C62659200BDE2D8 = {
						CreatedOnToolsVersion = 7.2;
						DevelopmentTeam = 63832QG4JM;
						TestTargetID = C1274A8F1C62659100BDE2D8;
					};
				};
			};
			buildConfigurationList = C1274A8B1C62659100BDE2D8 /* Build configuration list for PBXProject "RowingRouter" */;
			compatibilityVersion = "Xcode 3.2";
			developmentRegion = English;
			hasScannedForEncodings = 0;
			knownRegions = (
				en,
				Base,
			);
			mainGroup = C1274A871C62659100BDE2D8;
			productRefGroup = C1274A911C62659100BDE2D8 /* Products */;
			projectDirPath = "";
			projectRoot = "";
			targets = (
				C1274A8F1C62659100BDE2D8 /* RowingRouter */,
				C1274AA31C62659200BDE2D8 /* RowingRouterTests */,
				C1274AAE1C62659200BDE2D8 /* RowingRouterUITests */,
			);
		};
/* End PBXProject section */

/* Begin PBXResourcesBuildPhase section */
		C1274A8E1C62659100BDE2D8 /* Resources */ = {
			isa = PBXResourcesBuildPhase;
			buildActionMask = 2147483647;
			files = (
				C1274A9E1C62659200BDE2D8 /* LaunchScreen.storyboard in Resources */,
				C1274A9B1C62659200BDE2D8 /* Assets.xcassets in Resources */,
				C1274A991C62659200BDE2D8 /* Main.storyboard in Resources */,
			);
			runOnlyForDeploymentPostprocessing = 0;
		};
		C1274AA21C62659200BDE2D8 /* Resources */ = {
			isa = PBXResourcesBuildPhase;
			buildActionMask = 2147483647;
			files = (
			);
			runOnlyForDeploymentPostprocessing = 0;
		};
		C1274AAD1C62659200BDE2D8 /* Resources */ = {
			isa = PBXResourcesBuildPhase;
			buildActionMask = 2147483647;
			files = (
			);
			runOnlyForDeploymentPostprocessing = 0;
		};
/* End PBXResourcesBuildPhase section */

/* Begin PBXSourcesBuildPhase section */
		C1274A8C1C62659100BDE2D8 /* Sources */ = {
			isa = PBXSourcesBuildPhase;
			buildActionMask = 2147483647;
			files = (
				C1274A961C62659200BDE2D8 /* ViewController.swift in Sources */,
				C1274A941C62659200BDE2D8 /* AppDelegate.swift in Sources */,
			);
			runOnlyForDeploymentPostprocessing = 0;
		};
		C1274AA01C62659200BDE2D8 /* Sources */ = {
			isa = PBXSourcesBuildPhase;
			buildActionMask = 2147483647;
			files = (
				C1274AA91C62659200BDE2D8 /* RowingRouterTests.swift in Sources */,
			);
			runOnlyForDeploymentPostprocessing = 0;
		};
		C1274AAB1C62659200BDE2D8 /* Sources */ = {
			isa = PBXSourcesBuildPhase;
			buildActionMask = 2147483647;
			files = (
				C1274AB41C62659200BDE2D8 /* RowingRouterUITests.swift in Sources */,
			);
			runOnlyForDeploymentPostprocessing = 0;
		};
/* End PBXSourcesBuildPhase section */

/* Begin PBXTargetDependency section */
		C1274AA61C62659200BDE2D8 /* PBXTargetDependency */ = {
			isa = PBXTargetDependency;
			target = C1274A8F1C62659100BDE2D8 /* RowingRouter */;
			targetProxy = C1274AA51C62659200BDE2D8 /* PBXContainerItemProxy */;
		};
		C1274AB11C62659200BDE2D8 /* PBXTargetDependency */ = {
			isa = PBXTargetDependency;
			target = C1274A8F1C62659100BDE2D8 /* RowingRouter */;
			targetProxy = C1274AB01C62659200BDE2D8 /* PBXContainerItemProxy */;
		};
/* End PBXTargetDependency section */

/* Begin PBXVariantGroup section */
		C1274A971C62659200BDE2D8 /* Main.storyboard */ = {
			isa = PBXVariantGroup;
			children = (
				C1274A981C62659200BDE2D8 /* Base */,
			);
			name = Main.storyboard;
			sourceTree = "<group>";
		};
		C1274A9C1C62659200BDE2D8 /* LaunchScreen.storyboard */ = {
			isa = PBXVariantGroup;
			children = (
				C1274A9D1C62659200BDE2D8 /* Base */,
			);
			name = LaunchScreen.storyboard;
			sourceTree = "<group>";
		};
/* End PBXVariantGroup section */

/* Begin XCBuildConfiguration section */
		C1274AB61C62659200BDE2D8 /* Debug */ = {
			isa = XCBuildConfiguration;
			buildSettings = {
				ALWAYS_SEARCH_USER_PATHS = NO;
				CLANG_CXX_LANGUAGE_STANDARD = "gnu++0x";
				CLANG_CXX_LIBRARY = "libc++";
				CLANG_ENABLE_MODULES = YES;
				CLANG_ENABLE_OBJC_ARC = YES;
				CLANG_WARN_BOOL_CONVERSION = YES;
				CLANG_WARN_CONSTANT_CONVERSION = YES;
				CLANG_WARN_DIRECT_OBJC_ISA_USAGE = YES_ERROR;
				CLANG_WARN_EMPTY_BODY = YES;
				CLANG_WARN_ENUM_CONVERSION = YES;
				CLANG_WARN_INT_CONVERSION = YES;
				CLANG_WARN_OBJC_ROOT_CLASS = YES_ERROR;
				CLANG_WARN_UNREACHABLE_CODE = YES;
				CLANG_WARN__DUPLICATE_METHOD_MATCH = YES;
				"CODE_SIGN_IDENTITY[sdk=iphoneos*]" = "iPhone Developer";
				COPY_PHASE_STRIP = NO;
				DEBUG_INFORMATION_FORMAT = dwarf;
				ENABLE_STRICT_OBJC_MSGSEND = YES;
				ENABLE_TESTABILITY = YES;
				GCC_C_LANGUAGE_STANDARD = gnu99;
				GCC_DYNAMIC_NO_PIC = NO;
				GCC_NO_COMMON_BLOCKS = YES;
				GCC_OPTIMIZATION_LEVEL = 0;
				GCC_PREPROCESSOR_DEFINITIONS = (
					"DEBUG=1",
					"$(inherited)",
				);
				GCC_WARN_64_TO_32_BIT_CONVERSION = YES;
				GCC_WARN_ABOUT_RETURN_TYPE = YES_ERROR;
				GCC_WARN_UNDECLARED_SELECTOR = YES;
				GCC_WARN_UNINITIALIZED_AUTOS = YES_AGGRESSIVE;
				GCC_WARN_UNUSED_FUNCTION = YES;
				GCC_WARN_UNUSED_VARIABLE = YES;
				IPHONEOS_DEPLOYMENT_TARGET = 9.2;
				MTL_ENABLE_DEBUG_INFO = YES;
				ONLY_ACTIVE_ARCH = YES;
				SDKROOT = iphoneos;
				SWIFT_OPTIMIZATION_LEVEL = "-Onone";
			};
			name = Debug;
		};
		C1274AB71C62659200BDE2D8 /* Release */ = {
			isa = XCBuildConfiguration;
			buildSettings = {
				ALWAYS_SEARCH_USER_PATHS = NO;
				CLANG_CXX_LANGUAGE_STANDARD = "gnu++0x";
				CLANG_CXX_LIBRARY = "libc++";
				CLANG_ENABLE_MODULES = YES;
				CLANG_ENABLE_OBJC_ARC = YES;
				CLANG_WARN_BOOL_CONVERSION = YES;
				CLANG_WARN_CONSTANT_CONVERSION = YES;
				CLANG_WARN_DIRECT_OBJC_ISA_USAGE = YES_ERROR;
				CLANG_WARN_EMPTY_BODY = YES;
				CLANG_WARN_ENUM_CONVERSION = YES;
				CLANG_WARN_INT_CONVERSION = YES;
				CLANG_WARN_OBJC_ROOT_CLASS = YES_ERROR;
				CLANG_WARN_UNREACHABLE_CODE = YES;
				CLANG_WARN__DUPLICATE_METHOD_MATCH = YES;
				"CODE_SIGN_IDENTITY[sdk=iphoneos*]" = "iPhone Developer";
				COPY_PHASE_STRIP = NO;
				DEBUG_INFORMATION_FORMAT = "dwarf-with-dsym";
				ENABLE_NS_ASSERTIONS = NO;
				ENABLE_STRICT_OBJC_MSGSEND = YES;
				GCC_C_LANGUAGE_STANDARD = gnu99;
				GCC_NO_COMMON_BLOCKS = YES;
				GCC_WARN_64_TO_32_BIT_CONVERSION = YES;
				GCC_WARN_ABOUT_RETURN_TYPE = YES_ERROR;
				GCC_WARN_UNDECLARED_SELECTOR = YES;
				GCC_WARN_UNINITIALIZED_AUTOS = YES_AGGRESSIVE;
				GCC_WARN_UNUSED_FUNCTION = YES;
				GCC_WARN_UNUSED_VARIABLE = YES;
				IPHONEOS_DEPLOYMENT_TARGET = 9.2;
				MTL_ENABLE_DEBUG_INFO = NO;
				SDKROOT = iphoneos;
				VALIDATE_PRODUCT = YES;
			};
			name = Release;
		};
		C1274AB91C62659200BDE2D8 /* Debug */ = {
			isa = XCBuildConfiguration;
			buildSettings = {
				ASSETCATALOG_COMPILER_APPICON_NAME = AppIcon;
				INFOPLIST_FILE = RowingRouter/Info.plist;
				LD_RUNPATH_SEARCH_PATHS = "$(inherited) @executable_path/Frameworks";
				PRODUCT_BUNDLE_IDENTIFIER = com.github.calvinterpstra.RowingRouter;
				PRODUCT_NAME = "$(TARGET_NAME)";
			};
			name = Debug;
		};
		C1274ABA1C62659200BDE2D8 /* Release */ = {
			isa = XCBuildConfiguration;
			buildSettings = {
				ASSETCATALOG_COMPILER_APPICON_NAME = AppIcon;
				INFOPLIST_FILE = RowingRouter/Info.plist;
				LD_RUNPATH_SEARCH_PATHS = "$(inherited) @executable_path/Frameworks";
				PRODUCT_BUNDLE_IDENTIFIER = com.github.calvinterpstra.RowingRouter;
				PRODUCT_NAME = "$(TARGET_NAME)";
			};
			name = Release;
		};
		C1274ABC1C62659200BDE2D8 /* Debug */ = {
			isa = XCBuildConfiguration;
			buildSettings = {
				BUNDLE_LOADER = "$(TEST_HOST)";
				INFOPLIST_FILE = RowingRouterTests/Info.plist;
				LD_RUNPATH_SEARCH_PATHS = "$(inherited) @executable_path/Frameworks @loader_path/Frameworks";
				PRODUCT_BUNDLE_IDENTIFIER = com.github.calvinterpstra.RowingRouterTests;
				PRODUCT_NAME = "$(TARGET_NAME)";
				TEST_HOST = "$(BUILT_PRODUCTS_DIR)/RowingRouter.app/RowingRouter";
			};
			name = Debug;
		};
		C1274ABD1C62659200BDE2D8 /* Release */ = {
			isa = XCBuildConfiguration;
			buildSettings = {
				BUNDLE_LOADER = "$(TEST_HOST)";
				INFOPLIST_FILE = RowingRouterTests/Info.plist;
				LD_RUNPATH_SEARCH_PATHS = "$(inherited) @executable_path/Frameworks @loader_path/Frameworks";
				PRODUCT_BUNDLE_IDENTIFIER = com.github.calvinterpstra.RowingRouterTests;
				PRODUCT_NAME = "$(TARGET_NAME)";
				TEST_HOST = "$(BUILT_PRODUCTS_DIR)/RowingRouter.app/RowingRouter";
			};
			name = Release;
		};
		C1274ABF1C62659200BDE2D8 /* Debug */ = {
			isa = XCBuildConfiguration;
			buildSettings = {
				INFOPLIST_FILE = RowingRouterUITests/Info.plist;
				LD_RUNPATH_SEARCH_PATHS = "$(inherited) @executable_path/Frameworks @loader_path/Frameworks";
				PRODUCT_BUNDLE_IDENTIFIER = com.github.calvinterpstra.RowingRouterUITests;
				PRODUCT_NAME = "$(TARGET_NAME)";
				TEST_TARGET_NAME = RowingRouter;
				USES_XCTRUNNER = YES;
			};
			name = Debug;
		};
		C1274AC01C62659200BDE2D8 /* Release */ = {
			isa = XCBuildConfiguration;
			buildSettings = {
				INFOPLIST_FILE = RowingRouterUITests/Info.plist;
				LD_RUNPATH_SEARCH_PATHS = "$(inherited) @executable_path/Frameworks @loader_path/Frameworks";
				PRODUCT_BUNDLE_IDENTIFIER = com.github.calvinterpstra.RowingRouterUITests;
				PRODUCT_NAME = "$(TARGET_NAME)";
				TEST_TARGET_NAME = RowingRouter;
				USES_XCTRUNNER = YES;
			};
			name = Release;
		};
/* End XCBuildConfiguration section */

/* Begin XCConfigurationList section */
		C1274A8B1C62659100BDE2D8 /* Build configuration list for PBXProject "RowingRouter" */ = {
			isa = XCConfigurationList;
			buildConfigurations = (
				C1274AB61C62659200BDE2D8 /* Debug */,
				C1274AB71C62659200BDE2D8 /* Release */,
			);
			defaultConfigurationIsVisible = 0;
			defaultConfigurationName = Release;
		};
		C1274AB81C62659200BDE2D8 /* Build configuration list for PBXNativeTarget "RowingRouter" */ = {
			isa = XCConfigurationList;
			buildConfigurations = (
				C1274AB91C62659200BDE2D8 /* Debug */,
				C1274ABA1C62659200BDE2D8 /* Release */,
			);
			defaultConfigurationIsVisible = 0;
		};
		C1274ABB1C62659200BDE2D8 /* Build configuration list for PBXNativeTarget "RowingRouterTests" */ = {
			isa = XCConfigurationList;
			buildConfigurations = (
				C1274ABC1C62659200BDE2D8 /* Debug */,
				C1274ABD1C62659200BDE2D8 /* Release */,
			);
			defaultConfigurationIsVisible = 0;
		};
		C1274ABE1C62659200BDE2D8 /* Build configuration list for PBXNativeTarget "RowingRouterUITests" */ = {
			isa = XCConfigurationList;
			buildConfigurations = (
				C1274ABF1C62659200BDE2D8 /* Debug */,
				C1274AC01C62659200BDE2D8 /* Release */,
			);
			defaultConfigurationIsVisible = 0;
		};
/* End XCConfigurationList section */
	};
	rootObject = C1274A881C62659100BDE2D8 /* Project object */;
}
